
Microsoft Visual Studio Solution File, Format Version 12.00
# Visual Studio Version 17
VisualStudioVersion = 17.8.34511.84
MinimumVisualStudioVersion = 10.0.40219.1
Project("{9A19103F-16F7-4668-BE54-9A1E7A4F7556}") = "SimpleEFCoreAPITemplate", "SimpleEFCoreAPITemplate\SimpleEFCoreAPITemplate.csproj", "{789BDC07-64D1-4B5B-9370-136877DEAEE6}"
EndProject
Global
	GlobalSection(SolutionConfigurationPlatforms) = preSolution
		Debug|Any CPU = Debug|Any CPU
		Release|Any CPU = Release|Any CPU
	EndGlobalSection
	GlobalSection(ProjectConfigurationPlatforms) = postSolution
		{789BDC07-64D1-4B5B-9370-136877DEAEE6}.Debug|Any CPU.ActiveCfg = Debug|Any CPU
		{789BDC07-64D1-4B5B-9370-136877DEAEE6}.Debug|Any CPU.Build.0 = Debug|Any CPU
		{789BDC07-64D1-4B5B-9370-136877DEAEE6}.Release|Any CPU.ActiveCfg = Release|Any CPU
		{789BDC07-64D1-4B5B-9370-136877DEAEE6}.Release|Any CPU.Build.0 = Release|Any CPU
	EndGlobalSection
	GlobalSection(SolutionProperties) = preSolution
		HideSolutionNode = FALSE
	EndGlobalSection
	GlobalSection(ExtensibilityGlobals) = postSolution
		SolutionGuid = {EDD1AC46-E9CE-40B5-89A5-FA6382AED690}
	EndGlobalSection
EndGlobal
